// !$*UTF8*$!
{
	archiveVersion = 1;
	classes = {
	};
	objectVersion = 56;
	objects = {

/* Begin PBXBuildFile section */
		E300D36E2BAA37AA00BF2947 /* Gradient.swift in Sources */ = {isa = PBXBuildFile; fileRef = E300D36D2BAA37AA00BF2947 /* Gradient.swift */; };
		E300D3752BAA3F1A00BF2947 /* Images.swift in Sources */ = {isa = PBXBuildFile; fileRef = E300D3742BAA3F1A00BF2947 /* Images.swift */; };
		E300D3782BAA442800BF2947 /* SmoothGradient in Frameworks */ = {isa = PBXBuildFile; productRef = E300D3772BAA442800BF2947 /* SmoothGradient */; };
		E30A0CDF2BB0967000BD2716 /* AudioFileModel.swift in Sources */ = {isa = PBXBuildFile; fileRef = E30A0CDE2BB0967000BD2716 /* AudioFileModel.swift */; };
		E313BD0F2BE420140096D7E1 /* SavedData.swift in Sources */ = {isa = PBXBuildFile; fileRef = E313BD0E2BE420140096D7E1 /* SavedData.swift */; };
		E313BD112BE531EE0096D7E1 /* CloudSheet.swift in Sources */ = {isa = PBXBuildFile; fileRef = E313BD102BE531EE0096D7E1 /* CloudSheet.swift */; };
		E313BD142BE558E60096D7E1 /* FirebaseAuth in Frameworks */ = {isa = PBXBuildFile; productRef = E313BD132BE558E60096D7E1 /* FirebaseAuth */; };
		E313BD162BE558E60096D7E1 /* FirebaseFirestore in Frameworks */ = {isa = PBXBuildFile; productRef = E313BD152BE558E60096D7E1 /* FirebaseFirestore */; };
		E313BD182BE567290096D7E1 /* GoogleService-Info.plist in Resources */ = {isa = PBXBuildFile; fileRef = E313BD172BE567290096D7E1 /* GoogleService-Info.plist */; };
		E313BD1D2BEA7F730096D7E1 /* MicSheet.swift in Sources */ = {isa = PBXBuildFile; fileRef = E313BD1C2BEA7F730096D7E1 /* MicSheet.swift */; };
		E313BD1F2BEC18610096D7E1 /* Xylo in Resources */ = {isa = PBXBuildFile; fileRef = E313BD1E2BEC18600096D7E1 /* Xylo */; };
		E313BD212BED88A40096D7E1 /* Drums.swift in Sources */ = {isa = PBXBuildFile; fileRef = E313BD202BED88A40096D7E1 /* Drums.swift */; };
		E313BD232BED88AD0096D7E1 /* Xylo.swift in Sources */ = {isa = PBXBuildFile; fileRef = E313BD222BED88AD0096D7E1 /* Xylo.swift */; };
		E313BD252BEE6E660096D7E1 /* Phonk in Resources */ = {isa = PBXBuildFile; fileRef = E313BD242BEE6E660096D7E1 /* Phonk */; };
		E313BD272BEE6E6E0096D7E1 /* Phonk.swift in Sources */ = {isa = PBXBuildFile; fileRef = E313BD262BEE6E6E0096D7E1 /* Phonk.swift */; };
		E313BD292BEE7BD50096D7E1 /* Assets.xcassets in Resources */ = {isa = PBXBuildFile; fileRef = E313BD282BEE7BD50096D7E1 /* Assets.xcassets */; };
		E313BD2B2BEEACDB0096D7E1 /* Percussion in Resources */ = {isa = PBXBuildFile; fileRef = E313BD2A2BEEACDB0096D7E1 /* Percussion */; };
		E313BD2D2BEEACEC0096D7E1 /* Percussion.swift in Sources */ = {isa = PBXBuildFile; fileRef = E313BD2C2BEEACEC0096D7E1 /* Percussion.swift */; };
		E3158AA32BF2ABBC0003BD9F /* Pulse in Frameworks */ = {isa = PBXBuildFile; productRef = E3158AA22BF2ABBC0003BD9F /* Pulse */; };
		E3158AA52BF2ABBC0003BD9F /* PulseUI in Frameworks */ = {isa = PBXBuildFile; productRef = E3158AA42BF2ABBC0003BD9F /* PulseUI */; };
		E3762C222B62A97E000519DE /* LaunchScreen.storyboard in Resources */ = {isa = PBXBuildFile; fileRef = E3762C202B62A97E000519DE /* LaunchScreen.storyboard */; };
		E3762C2D2B62AD53000519DE /* AudioKit in Frameworks */ = {isa = PBXBuildFile; productRef = E3762C2C2B62AD53000519DE /* AudioKit */; };
		E3762C302B62AE60000519DE /* AudioKitEX in Frameworks */ = {isa = PBXBuildFile; productRef = E3762C2F2B62AE60000519DE /* AudioKitEX */; };
		E3762C332B62AE6F000519DE /* AudioKitUI in Frameworks */ = {isa = PBXBuildFile; productRef = E3762C322B62AE6F000519DE /* AudioKitUI */; };
		E3762C362B62AE81000519DE /* SoundpipeAudioKit in Frameworks */ = {isa = PBXBuildFile; productRef = E3762C352B62AE81000519DE /* SoundpipeAudioKit */; };
		E37DB7B52BD45C2A002A328A /* Localizable.xcstrings in Resources */ = {isa = PBXBuildFile; fileRef = E37DB7B42BD45C2A002A328A /* Localizable.xcstrings */; };
		E37DB7B72BD45C7D002A328A /* StringResources.swift in Sources */ = {isa = PBXBuildFile; fileRef = E37DB7B62BD45C7D002A328A /* StringResources.swift */; };
		E3A819722B976942001E5168 /* MainView.swift in Sources */ = {isa = PBXBuildFile; fileRef = E3A819712B976942001E5168 /* MainView.swift */; };
		E3A819742B97694D001E5168 /* SoundView.swift in Sources */ = {isa = PBXBuildFile; fileRef = E3A819732B97694D001E5168 /* SoundView.swift */; };
		E3A819762B976A5C001E5168 /* AddSoundView.swift in Sources */ = {isa = PBXBuildFile; fileRef = E3A819752B976A5C001E5168 /* AddSoundView.swift */; };
		E3A819782B976A67001E5168 /* SavedView.swift in Sources */ = {isa = PBXBuildFile; fileRef = E3A819772B976A67001E5168 /* SavedView.swift */; };
		E3A8197A2B976A71001E5168 /* CollectionView.swift in Sources */ = {isa = PBXBuildFile; fileRef = E3A819792B976A71001E5168 /* CollectionView.swift */; };
		E3A8197C2B976B13001E5168 /* CollectionCellView.swift in Sources */ = {isa = PBXBuildFile; fileRef = E3A8197B2B976B13001E5168 /* CollectionCellView.swift */; };
		E3B724442BB86C3C00411ADC /* Lottie in Frameworks */ = {isa = PBXBuildFile; productRef = E3B724432BB86C3C00411ADC /* Lottie */; };
		E3B724492BB86E1A00411ADC /* sound-wave.json in Resources */ = {isa = PBXBuildFile; fileRef = E3B724482BB86E1A00411ADC /* sound-wave.json */; };
		E3B7244C2BB8B99300411ADC /* Button.swift in Sources */ = {isa = PBXBuildFile; fileRef = E3B7244B2BB8B99300411ADC /* Button.swift */; };
		E3D4EED02BD95782000D4F0C /* Sliders in Frameworks */ = {isa = PBXBuildFile; productRef = E3D4EECF2BD95782000D4F0C /* Sliders */; };
		E3DB37A72BC323B8005838ED /* Router.swift in Sources */ = {isa = PBXBuildFile; fileRef = E3DB37A62BC323B8005838ED /* Router.swift */; };
		E3DB37A92BC339B0005838ED /* App.swift in Sources */ = {isa = PBXBuildFile; fileRef = E3DB37A82BC339B0005838ED /* App.swift */; };
		E3FD692A2BCA9AA20066352C /* CollectionViewPlayer.swift in Sources */ = {isa = PBXBuildFile; fileRef = E3FD69292BCA9AA20066352C /* CollectionViewPlayer.swift */; };
		E3FD692C2BCA9AC40066352C /* AddSoundPitch.swift in Sources */ = {isa = PBXBuildFile; fileRef = E3FD692B2BCA9AC40066352C /* AddSoundPitch.swift */; };
		E3FD692E2BCAD6DE0066352C /* SoundSpaceModel.swift in Sources */ = {isa = PBXBuildFile; fileRef = E3FD692D2BCAD6DE0066352C /* SoundSpaceModel.swift */; };
		E3FD69302BCC2F630066352C /* MainScreenPlayer.swift in Sources */ = {isa = PBXBuildFile; fileRef = E3FD692F2BCC2F630066352C /* MainScreenPlayer.swift */; };
		E3FD69322BCC529A0066352C /* Drums in Resources */ = {isa = PBXBuildFile; fileRef = E3FD69312BCC529A0066352C /* Drums */; };
/* End PBXBuildFile section */

/* Begin PBXFileReference section */
		E300D36D2BAA37AA00BF2947 /* Gradient.swift */ = {isa = PBXFileReference; lastKnownFileType = sourcecode.swift; path = Gradient.swift; sourceTree = "<group>"; };
		E300D3742BAA3F1A00BF2947 /* Images.swift */ = {isa = PBXFileReference; lastKnownFileType = sourcecode.swift; path = Images.swift; sourceTree = "<group>"; };
		E30A0CDE2BB0967000BD2716 /* AudioFileModel.swift */ = {isa = PBXFileReference; lastKnownFileType = sourcecode.swift; path = AudioFileModel.swift; sourceTree = "<group>"; };
		E313BD0E2BE420140096D7E1 /* SavedData.swift */ = {isa = PBXFileReference; lastKnownFileType = sourcecode.swift; path = SavedData.swift; sourceTree = "<group>"; };
		E313BD102BE531EE0096D7E1 /* CloudSheet.swift */ = {isa = PBXFileReference; lastKnownFileType = sourcecode.swift; path = CloudSheet.swift; sourceTree = "<group>"; };
		E313BD172BE567290096D7E1 /* GoogleService-Info.plist */ = {isa = PBXFileReference; fileEncoding = 4; lastKnownFileType = text.plist.xml; path = "GoogleService-Info.plist"; sourceTree = "<group>"; };
		E313BD1C2BEA7F730096D7E1 /* MicSheet.swift */ = {isa = PBXFileReference; lastKnownFileType = sourcecode.swift; path = MicSheet.swift; sourceTree = "<group>"; };
		E313BD1E2BEC18600096D7E1 /* Xylo */ = {isa = PBXFileReference; lastKnownFileType = folder; path = Xylo; sourceTree = "<group>"; };
		E313BD202BED88A40096D7E1 /* Drums.swift */ = {isa = PBXFileReference; lastKnownFileType = sourcecode.swift; path = Drums.swift; sourceTree = "<group>"; };
		E313BD222BED88AD0096D7E1 /* Xylo.swift */ = {isa = PBXFileReference; lastKnownFileType = sourcecode.swift; path = Xylo.swift; sourceTree = "<group>"; };
		E313BD242BEE6E660096D7E1 /* Phonk */ = {isa = PBXFileReference; lastKnownFileType = folder; path = Phonk; sourceTree = "<group>"; };
		E313BD262BEE6E6E0096D7E1 /* Phonk.swift */ = {isa = PBXFileReference; lastKnownFileType = sourcecode.swift; path = Phonk.swift; sourceTree = "<group>"; };
		E313BD282BEE7BD50096D7E1 /* Assets.xcassets */ = {isa = PBXFileReference; lastKnownFileType = folder.assetcatalog; path = Assets.xcassets; sourceTree = "<group>"; };
		E313BD2A2BEEACDB0096D7E1 /* Percussion */ = {isa = PBXFileReference; lastKnownFileType = folder; path = Percussion; sourceTree = "<group>"; };
		E313BD2C2BEEACEC0096D7E1 /* Percussion.swift */ = {isa = PBXFileReference; lastKnownFileType = sourcecode.swift; path = Percussion.swift; sourceTree = "<group>"; };
		E3762C122B62A97C000519DE /* SpaceDrums.app */ = {isa = PBXFileReference; explicitFileType = wrapper.application; includeInIndex = 0; path = SpaceDrums.app; sourceTree = BUILT_PRODUCTS_DIR; };
		E3762C212B62A97E000519DE /* Base */ = {isa = PBXFileReference; lastKnownFileType = file.storyboard; name = Base; path = Base.lproj/LaunchScreen.storyboard; sourceTree = "<group>"; };
		E3762C232B62A97E000519DE /* Info.plist */ = {isa = PBXFileReference; lastKnownFileType = text.plist.xml; path = Info.plist; sourceTree = "<group>"; };
		E37DB7B22BD45BD1002A328A /* ru */ = {isa = PBXFileReference; lastKnownFileType = text.plist.strings; name = ru; path = ru.lproj/LaunchScreen.strings; sourceTree = "<group>"; };
		E37DB7B42BD45C2A002A328A /* Localizable.xcstrings */ = {isa = PBXFileReference; lastKnownFileType = text.json.xcstrings; path = Localizable.xcstrings; sourceTree = "<group>"; };
		E37DB7B62BD45C7D002A328A /* StringResources.swift */ = {isa = PBXFileReference; lastKnownFileType = sourcecode.swift; path = StringResources.swift; sourceTree = "<group>"; };
		E3A819712B976942001E5168 /* MainView.swift */ = {isa = PBXFileReference; lastKnownFileType = sourcecode.swift; path = MainView.swift; sourceTree = "<group>"; };
		E3A819732B97694D001E5168 /* SoundView.swift */ = {isa = PBXFileReference; lastKnownFileType = sourcecode.swift; path = SoundView.swift; sourceTree = "<group>"; };
		E3A819752B976A5C001E5168 /* AddSoundView.swift */ = {isa = PBXFileReference; lastKnownFileType = sourcecode.swift; path = AddSoundView.swift; sourceTree = "<group>"; };
		E3A819772B976A67001E5168 /* SavedView.swift */ = {isa = PBXFileReference; lastKnownFileType = sourcecode.swift; path = SavedView.swift; sourceTree = "<group>"; };
		E3A819792B976A71001E5168 /* CollectionView.swift */ = {isa = PBXFileReference; lastKnownFileType = sourcecode.swift; path = CollectionView.swift; sourceTree = "<group>"; };
		E3A8197B2B976B13001E5168 /* CollectionCellView.swift */ = {isa = PBXFileReference; lastKnownFileType = sourcecode.swift; path = CollectionCellView.swift; sourceTree = "<group>"; };
		E3B724482BB86E1A00411ADC /* sound-wave.json */ = {isa = PBXFileReference; fileEncoding = 4; lastKnownFileType = text.json; path = "sound-wave.json"; sourceTree = "<group>"; };
		E3B7244B2BB8B99300411ADC /* Button.swift */ = {isa = PBXFileReference; lastKnownFileType = sourcecode.swift; path = Button.swift; sourceTree = "<group>"; };
		E3DB37A62BC323B8005838ED /* Router.swift */ = {isa = PBXFileReference; lastKnownFileType = sourcecode.swift; path = Router.swift; sourceTree = "<group>"; };
		E3DB37A82BC339B0005838ED /* App.swift */ = {isa = PBXFileReference; lastKnownFileType = sourcecode.swift; path = App.swift; sourceTree = "<group>"; };
		E3FD69292BCA9AA20066352C /* CollectionViewPlayer.swift */ = {isa = PBXFileReference; lastKnownFileType = sourcecode.swift; path = CollectionViewPlayer.swift; sourceTree = "<group>"; };
		E3FD692B2BCA9AC40066352C /* AddSoundPitch.swift */ = {isa = PBXFileReference; lastKnownFileType = sourcecode.swift; path = AddSoundPitch.swift; sourceTree = "<group>"; };
		E3FD692D2BCAD6DE0066352C /* SoundSpaceModel.swift */ = {isa = PBXFileReference; lastKnownFileType = sourcecode.swift; path = SoundSpaceModel.swift; sourceTree = "<group>"; };
		E3FD692F2BCC2F630066352C /* MainScreenPlayer.swift */ = {isa = PBXFileReference; lastKnownFileType = sourcecode.swift; path = MainScreenPlayer.swift; sourceTree = "<group>"; };
		E3FD69312BCC529A0066352C /* Drums */ = {isa = PBXFileReference; lastKnownFileType = folder; path = Drums; sourceTree = "<group>"; };
/* End PBXFileReference section */

/* Begin PBXFrameworksBuildPhase section */
		E3762C0F2B62A97C000519DE /* Frameworks */ = {
			isa = PBXFrameworksBuildPhase;
			buildActionMask = 2147483647;
			files = (
				E3762C2D2B62AD53000519DE /* AudioKit in Frameworks */,
				E3762C332B62AE6F000519DE /* AudioKitUI in Frameworks */,
				E3D4EED02BD95782000D4F0C /* Sliders in Frameworks */,
				E300D3782BAA442800BF2947 /* SmoothGradient in Frameworks */,
				E3158AA32BF2ABBC0003BD9F /* Pulse in Frameworks */,
				E3762C362B62AE81000519DE /* SoundpipeAudioKit in Frameworks */,
				E3158AA52BF2ABBC0003BD9F /* PulseUI in Frameworks */,
				E313BD162BE558E60096D7E1 /* FirebaseFirestore in Frameworks */,
				E3762C302B62AE60000519DE /* AudioKitEX in Frameworks */,
				E3B724442BB86C3C00411ADC /* Lottie in Frameworks */,
				E313BD142BE558E60096D7E1 /* FirebaseAuth in Frameworks */,
			);
			runOnlyForDeploymentPostprocessing = 0;
		};
/* End PBXFrameworksBuildPhase section */

/* Begin PBXGroup section */
		E300D36C2BAA379C00BF2947 /* Colors */ = {
			isa = PBXGroup;
			children = (
				E300D36D2BAA37AA00BF2947 /* Gradient.swift */,
			);
			path = Colors;
			sourceTree = "<group>";
		};
		E300D3712BAA3EA800BF2947 /* Images */ = {
			isa = PBXGroup;
			children = (
				E300D3742BAA3F1A00BF2947 /* Images.swift */,
			);
			path = Images;
			sourceTree = "<group>";
		};
		E313BD0D2BE41FFB0096D7E1 /* Data */ = {
			isa = PBXGroup;
			children = (
				E3FD692D2BCAD6DE0066352C /* SoundSpaceModel.swift */,
				E313BD0E2BE420140096D7E1 /* SavedData.swift */,
			);
			path = Data;
			sourceTree = "<group>";
		};
		E35380EC2B7927CC000D9152 /* Resources */ = {
			isa = PBXGroup;
			children = (
				E37DB7B32BD45C0F002A328A /* Strings */,
				E3B724462BB86DEE00411ADC /* LottieAnimations */,
				E300D3712BAA3EA800BF2947 /* Images */,
				E300D36C2BAA379C00BF2947 /* Colors */,
				E35380F02B79297C000D9152 /* Sounds */,
				E30A0CDE2BB0967000BD2716 /* AudioFileModel.swift */,
			);
			path = Resources;
			sourceTree = "<group>";
		};
		E35380F02B79297C000D9152 /* Sounds */ = {
			isa = PBXGroup;
			children = (
				E313BD2A2BEEACDB0096D7E1 /* Percussion */,
				E313BD242BEE6E660096D7E1 /* Phonk */,
				E313BD1E2BEC18600096D7E1 /* Xylo */,
				E3FD69312BCC529A0066352C /* Drums */,
				E313BD202BED88A40096D7E1 /* Drums.swift */,
				E313BD222BED88AD0096D7E1 /* Xylo.swift */,
				E313BD262BEE6E6E0096D7E1 /* Phonk.swift */,
				E313BD2C2BEEACEC0096D7E1 /* Percussion.swift */,
			);
			path = Sounds;
			sourceTree = "<group>";
		};
		E3762C092B62A97C000519DE = {
			isa = PBXGroup;
			children = (
				E3762C142B62A97C000519DE /* spacedrums */,
				E3762C132B62A97C000519DE /* Products */,
			);
			sourceTree = "<group>";
		};
		E3762C132B62A97C000519DE /* Products */ = {
			isa = PBXGroup;
			children = (
				E3762C122B62A97C000519DE /* SpaceDrums.app */,
			);
			name = Products;
			sourceTree = "<group>";
		};
		E3762C142B62A97C000519DE /* spacedrums */ = {
			isa = PBXGroup;
			children = (
				E313BD0D2BE41FFB0096D7E1 /* Data */,
				E3FD69282BCA9A7F0066352C /* Logic */,
				E3A8196C2B97690C001E5168 /* Screens */,
				E35380EC2B7927CC000D9152 /* Resources */,
				E3762C202B62A97E000519DE /* LaunchScreen.storyboard */,
				E3762C232B62A97E000519DE /* Info.plist */,
				E313BD172BE567290096D7E1 /* GoogleService-Info.plist */,
				E313BD282BEE7BD50096D7E1 /* Assets.xcassets */,
				E3DB37A82BC339B0005838ED /* App.swift */,
			);
			path = spacedrums;
			sourceTree = "<group>";
		};
		E37DB7B32BD45C0F002A328A /* Strings */ = {
			isa = PBXGroup;
			children = (
				E37DB7B42BD45C2A002A328A /* Localizable.xcstrings */,
				E37DB7B62BD45C7D002A328A /* StringResources.swift */,
			);
			path = Strings;
			sourceTree = "<group>";
		};
		E3A8196C2B97690C001E5168 /* Screens */ = {
			isa = PBXGroup;
			children = (
				E3B7244A2BB8B98300411ADC /* Common */,
				E3A819702B976930001E5168 /* AddSound */,
				E3A8196F2B976928001E5168 /* Saved */,
				E3A8196E2B97691C001E5168 /* Collection */,
				E3A8196D2B976915001E5168 /* MainScreen */,
			);
			path = Screens;
			sourceTree = "<group>";
		};
		E3A8196D2B976915001E5168 /* MainScreen */ = {
			isa = PBXGroup;
			children = (
				E3A819712B976942001E5168 /* MainView.swift */,
				E3A819732B97694D001E5168 /* SoundView.swift */,
				E313BD1C2BEA7F730096D7E1 /* MicSheet.swift */,
			);
			path = MainScreen;
			sourceTree = "<group>";
		};
		E3A8196E2B97691C001E5168 /* Collection */ = {
			isa = PBXGroup;
			children = (
				E3A819792B976A71001E5168 /* CollectionView.swift */,
				E3A8197B2B976B13001E5168 /* CollectionCellView.swift */,
			);
			path = Collection;
			sourceTree = "<group>";
		};
		E3A8196F2B976928001E5168 /* Saved */ = {
			isa = PBXGroup;
			children = (
				E3A819772B976A67001E5168 /* SavedView.swift */,
				E313BD102BE531EE0096D7E1 /* CloudSheet.swift */,
			);
			path = Saved;
			sourceTree = "<group>";
		};
		E3A819702B976930001E5168 /* AddSound */ = {
			isa = PBXGroup;
			children = (
				E3A819752B976A5C001E5168 /* AddSoundView.swift */,
			);
			path = AddSound;
			sourceTree = "<group>";
		};
		E3B724462BB86DEE00411ADC /* LottieAnimations */ = {
			isa = PBXGroup;
			children = (
				E3B724482BB86E1A00411ADC /* sound-wave.json */,
			);
			path = LottieAnimations;
			sourceTree = "<group>";
		};
		E3B7244A2BB8B98300411ADC /* Common */ = {
			isa = PBXGroup;
			children = (
				E3B7244B2BB8B99300411ADC /* Button.swift */,
				E3DB37A62BC323B8005838ED /* Router.swift */,
			);
			path = Common;
			sourceTree = "<group>";
		};
		E3FD69282BCA9A7F0066352C /* Logic */ = {
			isa = PBXGroup;
			children = (
				E3FD69292BCA9AA20066352C /* CollectionViewPlayer.swift */,
				E3FD692B2BCA9AC40066352C /* AddSoundPitch.swift */,
				E3FD692F2BCC2F630066352C /* MainScreenPlayer.swift */,
			);
			path = Logic;
			sourceTree = "<group>";
		};
/* End PBXGroup section */

/* Begin PBXNativeTarget section */
		E3762C112B62A97C000519DE /* spacedrums */ = {
			isa = PBXNativeTarget;
			buildConfigurationList = E3762C262B62A97E000519DE /* Build configuration list for PBXNativeTarget "spacedrums" */;
			buildPhases = (
				E3762C0E2B62A97C000519DE /* Sources */,
				E3762C0F2B62A97C000519DE /* Frameworks */,
				E3762C102B62A97C000519DE /* Resources */,
			);
			buildRules = (
			);
			dependencies = (
			);
			name = spacedrums;
			packageProductDependencies = (
				E3762C2C2B62AD53000519DE /* AudioKit */,
				E3762C2F2B62AE60000519DE /* AudioKitEX */,
				E3762C322B62AE6F000519DE /* AudioKitUI */,
				E3762C352B62AE81000519DE /* SoundpipeAudioKit */,
				E300D3772BAA442800BF2947 /* SmoothGradient */,
				E3B724432BB86C3C00411ADC /* Lottie */,
				E3D4EECF2BD95782000D4F0C /* Sliders */,
				E313BD132BE558E60096D7E1 /* FirebaseAuth */,
				E313BD152BE558E60096D7E1 /* FirebaseFirestore */,
				E3158AA22BF2ABBC0003BD9F /* Pulse */,
				E3158AA42BF2ABBC0003BD9F /* PulseUI */,
			);
			productName = spacedrums;
			productReference = E3762C122B62A97C000519DE /* SpaceDrums.app */;
			productType = "com.apple.product-type.application";
		};
/* End PBXNativeTarget section */

/* Begin PBXProject section */
		E3762C0A2B62A97C000519DE /* Project object */ = {
			isa = PBXProject;
			attributes = {
				BuildIndependentTargetsInParallel = 1;
				LastSwiftUpdateCheck = 1500;
				LastUpgradeCheck = 1500;
				TargetAttributes = {
					E3762C112B62A97C000519DE = {
						CreatedOnToolsVersion = 15.0.1;
					};
				};
			};
			buildConfigurationList = E3762C0D2B62A97C000519DE /* Build configuration list for PBXProject "spacedrums" */;
			compatibilityVersion = "Xcode 14.0";
			developmentRegion = en;
			hasScannedForEncodings = 0;
			knownRegions = (
				en,
				Base,
				ru,
			);
			mainGroup = E3762C092B62A97C000519DE;
			packageReferences = (
				E3762C2B2B62AD53000519DE /* XCRemoteSwiftPackageReference "AudioKit" */,
				E3762C2E2B62AE60000519DE /* XCRemoteSwiftPackageReference "AudioKitEX" */,
				E3762C312B62AE6F000519DE /* XCRemoteSwiftPackageReference "AudioKitUI" */,
				E3762C342B62AE81000519DE /* XCRemoteSwiftPackageReference "SoundpipeAudioKit" */,
				E300D3762BAA442700BF2947 /* XCRemoteSwiftPackageReference "SmoothGradient" */,
				E3B724422BB86C3C00411ADC /* XCRemoteSwiftPackageReference "lottie-spm" */,
				E3D4EECE2BD95782000D4F0C /* XCRemoteSwiftPackageReference "swiftui-sliders" */,
				E313BD122BE558E60096D7E1 /* XCRemoteSwiftPackageReference "firebase-ios-sdk" */,
				E3158AA12BF2ABBC0003BD9F /* XCRemoteSwiftPackageReference "Pulse" */,
			);
			productRefGroup = E3762C132B62A97C000519DE /* Products */;
			projectDirPath = "";
			projectRoot = "";
			targets = (
				E3762C112B62A97C000519DE /* spacedrums */,
			);
		};
/* End PBXProject section */

/* Begin PBXResourcesBuildPhase section */
		E3762C102B62A97C000519DE /* Resources */ = {
			isa = PBXResourcesBuildPhase;
			buildActionMask = 2147483647;
			files = (
				E3FD69322BCC529A0066352C /* Drums in Resources */,
				E37DB7B52BD45C2A002A328A /* Localizable.xcstrings in Resources */,
				E313BD1F2BEC18610096D7E1 /* Xylo in Resources */,
				E3B724492BB86E1A00411ADC /* sound-wave.json in Resources */,
				E3762C222B62A97E000519DE /* LaunchScreen.storyboard in Resources */,
				E313BD252BEE6E660096D7E1 /* Phonk in Resources */,
				E313BD2B2BEEACDB0096D7E1 /* Percussion in Resources */,
				E313BD292BEE7BD50096D7E1 /* Assets.xcassets in Resources */,
				E313BD182BE567290096D7E1 /* GoogleService-Info.plist in Resources */,
			);
			runOnlyForDeploymentPostprocessing = 0;
		};
/* End PBXResourcesBuildPhase section */

/* Begin PBXSourcesBuildPhase section */
		E3762C0E2B62A97C000519DE /* Sources */ = {
			isa = PBXSourcesBuildPhase;
			buildActionMask = 2147483647;
			files = (
				E30A0CDF2BB0967000BD2716 /* AudioFileModel.swift in Sources */,
				E313BD212BED88A40096D7E1 /* Drums.swift in Sources */,
				E3A819722B976942001E5168 /* MainView.swift in Sources */,
				E313BD232BED88AD0096D7E1 /* Xylo.swift in Sources */,
				E3A819762B976A5C001E5168 /* AddSoundView.swift in Sources */,
				E3FD69302BCC2F630066352C /* MainScreenPlayer.swift in Sources */,
				E3A819742B97694D001E5168 /* SoundView.swift in Sources */,
				E300D3752BAA3F1A00BF2947 /* Images.swift in Sources */,
				E3DB37A72BC323B8005838ED /* Router.swift in Sources */,
				E313BD2D2BEEACEC0096D7E1 /* Percussion.swift in Sources */,
				E3A819782B976A67001E5168 /* SavedView.swift in Sources */,
				E3DB37A92BC339B0005838ED /* App.swift in Sources */,
				E3FD692A2BCA9AA20066352C /* CollectionViewPlayer.swift in Sources */,
				E313BD272BEE6E6E0096D7E1 /* Phonk.swift in Sources */,
				E3A8197A2B976A71001E5168 /* CollectionView.swift in Sources */,
				E3B7244C2BB8B99300411ADC /* Button.swift in Sources */,
				E3A8197C2B976B13001E5168 /* CollectionCellView.swift in Sources */,
				E313BD112BE531EE0096D7E1 /* CloudSheet.swift in Sources */,
				E3FD692C2BCA9AC40066352C /* AddSoundPitch.swift in Sources */,
				E313BD1D2BEA7F730096D7E1 /* MicSheet.swift in Sources */,
				E3FD692E2BCAD6DE0066352C /* SoundSpaceModel.swift in Sources */,
				E313BD0F2BE420140096D7E1 /* SavedData.swift in Sources */,
				E37DB7B72BD45C7D002A328A /* StringResources.swift in Sources */,
				E300D36E2BAA37AA00BF2947 /* Gradient.swift in Sources */,
			);
			runOnlyForDeploymentPostprocessing = 0;
		};
/* End PBXSourcesBuildPhase section */

/* Begin PBXVariantGroup section */
		E3762C202B62A97E000519DE /* LaunchScreen.storyboard */ = {
			isa = PBXVariantGroup;
			children = (
				E3762C212B62A97E000519DE /* Base */,
				E37DB7B22BD45BD1002A328A /* ru */,
			);
			name = LaunchScreen.storyboard;
			sourceTree = "<group>";
		};
/* End PBXVariantGroup section */

/* Begin XCBuildConfiguration section */
		E3762C242B62A97E000519DE /* Debug */ = {
			isa = XCBuildConfiguration;
			buildSettings = {
				ALWAYS_SEARCH_USER_PATHS = NO;
				ASSETCATALOG_COMPILER_GENERATE_SWIFT_ASSET_SYMBOL_EXTENSIONS = YES;
				CLANG_ANALYZER_LOCALIZABILITY_NONLOCALIZED = YES;
				CLANG_ANALYZER_NONNULL = YES;
				CLANG_ANALYZER_NUMBER_OBJECT_CONVERSION = YES_AGGRESSIVE;
				CLANG_CXX_LANGUAGE_STANDARD = "gnu++20";
				CLANG_ENABLE_MODULES = YES;
				CLANG_ENABLE_OBJC_ARC = YES;
				CLANG_ENABLE_OBJC_WEAK = YES;
				CLANG_WARN_BLOCK_CAPTURE_AUTORELEASING = YES;
				CLANG_WARN_BOOL_CONVERSION = YES;
				CLANG_WARN_COMMA = YES;
				CLANG_WARN_CONSTANT_CONVERSION = YES;
				CLANG_WARN_DEPRECATED_OBJC_IMPLEMENTATIONS = YES;
				CLANG_WARN_DIRECT_OBJC_ISA_USAGE = YES_ERROR;
				CLANG_WARN_DOCUMENTATION_COMMENTS = YES;
				CLANG_WARN_EMPTY_BODY = YES;
				CLANG_WARN_ENUM_CONVERSION = YES;
				CLANG_WARN_INFINITE_RECURSION = YES;
				CLANG_WARN_INT_CONVERSION = YES;
				CLANG_WARN_NON_LITERAL_NULL_CONVERSION = YES;
				CLANG_WARN_OBJC_IMPLICIT_RETAIN_SELF = YES;
				CLANG_WARN_OBJC_LITERAL_CONVERSION = YES;
				CLANG_WARN_OBJC_ROOT_CLASS = YES_ERROR;
				CLANG_WARN_QUOTED_INCLUDE_IN_FRAMEWORK_HEADER = YES;
				CLANG_WARN_RANGE_LOOP_ANALYSIS = YES;
				CLANG_WARN_STRICT_PROTOTYPES = YES;
				CLANG_WARN_SUSPICIOUS_MOVE = YES;
				CLANG_WARN_UNGUARDED_AVAILABILITY = YES_AGGRESSIVE;
				CLANG_WARN_UNREACHABLE_CODE = YES;
				CLANG_WARN__DUPLICATE_METHOD_MATCH = YES;
				COPY_PHASE_STRIP = NO;
				DEBUG_INFORMATION_FORMAT = dwarf;
				ENABLE_STRICT_OBJC_MSGSEND = YES;
				ENABLE_TESTABILITY = YES;
				ENABLE_USER_SCRIPT_SANDBOXING = YES;
				GCC_C_LANGUAGE_STANDARD = gnu17;
				GCC_DYNAMIC_NO_PIC = NO;
				GCC_NO_COMMON_BLOCKS = YES;
				GCC_OPTIMIZATION_LEVEL = 0;
				GCC_PREPROCESSOR_DEFINITIONS = (
					"DEBUG=1",
					"$(inherited)",
				);
				GCC_WARN_64_TO_32_BIT_CONVERSION = YES;
				GCC_WARN_ABOUT_RETURN_TYPE = YES_ERROR;
				GCC_WARN_UNDECLARED_SELECTOR = YES;
				GCC_WARN_UNINITIALIZED_AUTOS = YES_AGGRESSIVE;
				GCC_WARN_UNUSED_FUNCTION = YES;
				GCC_WARN_UNUSED_VARIABLE = YES;
				IPHONEOS_DEPLOYMENT_TARGET = 15.0;
				LOCALIZATION_PREFERS_STRING_CATALOGS = YES;
				MTL_ENABLE_DEBUG_INFO = INCLUDE_SOURCE;
				MTL_FAST_MATH = YES;
				ONLY_ACTIVE_ARCH = YES;
				PRODUCT_NAME = SpaceDrums;
				SDKROOT = iphoneos;
				SWIFT_ACTIVE_COMPILATION_CONDITIONS = "DEBUG $(inherited)";
				SWIFT_OPTIMIZATION_LEVEL = "-Onone";
			};
			name = Debug;
		};
		E3762C252B62A97E000519DE /* Release */ = {
			isa = XCBuildConfiguration;
			buildSettings = {
				ALWAYS_SEARCH_USER_PATHS = NO;
				ASSETCATALOG_COMPILER_GENERATE_SWIFT_ASSET_SYMBOL_EXTENSIONS = YES;
				CLANG_ANALYZER_LOCALIZABILITY_NONLOCALIZED = YES;
				CLANG_ANALYZER_NONNULL = YES;
				CLANG_ANALYZER_NUMBER_OBJECT_CONVERSION = YES_AGGRESSIVE;
				CLANG_CXX_LANGUAGE_STANDARD = "gnu++20";
				CLANG_ENABLE_MODULES = YES;
				CLANG_ENABLE_OBJC_ARC = YES;
				CLANG_ENABLE_OBJC_WEAK = YES;
				CLANG_WARN_BLOCK_CAPTURE_AUTORELEASING = YES;
				CLANG_WARN_BOOL_CONVERSION = YES;
				CLANG_WARN_COMMA = YES;
				CLANG_WARN_CONSTANT_CONVERSION = YES;
				CLANG_WARN_DEPRECATED_OBJC_IMPLEMENTATIONS = YES;
				CLANG_WARN_DIRECT_OBJC_ISA_USAGE = YES_ERROR;
				CLANG_WARN_DOCUMENTATION_COMMENTS = YES;
				CLANG_WARN_EMPTY_BODY = YES;
				CLANG_WARN_ENUM_CONVERSION = YES;
				CLANG_WARN_INFINITE_RECURSION = YES;
				CLANG_WARN_INT_CONVERSION = YES;
				CLANG_WARN_NON_LITERAL_NULL_CONVERSION = YES;
				CLANG_WARN_OBJC_IMPLICIT_RETAIN_SELF = YES;
				CLANG_WARN_OBJC_LITERAL_CONVERSION = YES;
				CLANG_WARN_OBJC_ROOT_CLASS = YES_ERROR;
				CLANG_WARN_QUOTED_INCLUDE_IN_FRAMEWORK_HEADER = YES;
				CLANG_WARN_RANGE_LOOP_ANALYSIS = YES;
				CLANG_WARN_STRICT_PROTOTYPES = YES;
				CLANG_WARN_SUSPICIOUS_MOVE = YES;
				CLANG_WARN_UNGUARDED_AVAILABILITY = YES_AGGRESSIVE;
				CLANG_WARN_UNREACHABLE_CODE = YES;
				CLANG_WARN__DUPLICATE_METHOD_MATCH = YES;
				COPY_PHASE_STRIP = NO;
				DEBUG_INFORMATION_FORMAT = "dwarf-with-dsym";
				ENABLE_NS_ASSERTIONS = NO;
				ENABLE_STRICT_OBJC_MSGSEND = YES;
				ENABLE_USER_SCRIPT_SANDBOXING = YES;
				GCC_C_LANGUAGE_STANDARD = gnu17;
				GCC_NO_COMMON_BLOCKS = YES;
				GCC_WARN_64_TO_32_BIT_CONVERSION = YES;
				GCC_WARN_ABOUT_RETURN_TYPE = YES_ERROR;
				GCC_WARN_UNDECLARED_SELECTOR = YES;
				GCC_WARN_UNINITIALIZED_AUTOS = YES_AGGRESSIVE;
				GCC_WARN_UNUSED_FUNCTION = YES;
				GCC_WARN_UNUSED_VARIABLE = YES;
				IPHONEOS_DEPLOYMENT_TARGET = 15.0;
				LOCALIZATION_PREFERS_STRING_CATALOGS = YES;
				MTL_ENABLE_DEBUG_INFO = NO;
				MTL_FAST_MATH = YES;
				PRODUCT_NAME = SpaceDrums;
				SDKROOT = iphoneos;
				SWIFT_COMPILATION_MODE = wholemodule;
				VALIDATE_PRODUCT = YES;
			};
			name = Release;
		};
		E3762C272B62A97E000519DE /* Debug */ = {
			isa = XCBuildConfiguration;
			buildSettings = {
				ASSETCATALOG_COMPILER_APPICON_NAME = AppIcon;
				ASSETCATALOG_COMPILER_GLOBAL_ACCENT_COLOR_NAME = AccentColor;
				CODE_SIGN_STYLE = Automatic;
				CURRENT_PROJECT_VERSION = 1;
				DEVELOPMENT_TEAM = 399KRUQQZ6;
				GENERATE_INFOPLIST_FILE = YES;
				INFOPLIST_FILE = spacedrums/Info.plist;
				INFOPLIST_KEY_NSMicrophoneUsageDescription = "для звуков";
				INFOPLIST_KEY_NSSpeechRecognitionUsageDescription = "для звуков";
				INFOPLIST_KEY_UIApplicationSupportsIndirectInputEvents = YES;
				INFOPLIST_KEY_UILaunchStoryboardName = LaunchScreen;
				INFOPLIST_KEY_UISupportedInterfaceOrientations = UIInterfaceOrientationPortrait;
				INFOPLIST_KEY_UISupportedInterfaceOrientations_iPad = "UIInterfaceOrientationLandscapeLeft UIInterfaceOrientationLandscapeRight UIInterfaceOrientationPortrait UIInterfaceOrientationPortraitUpsideDown";
				IPHONEOS_DEPLOYMENT_TARGET = 16.0;
				LD_RUNPATH_SEARCH_PATHS = (
					"$(inherited)",
					"@executable_path/Frameworks",
				);
				MARKETING_VERSION = 1.0;
				PRODUCT_BUNDLE_IDENTIFIER = marina.spacedrums;
				PRODUCT_NAME = SpaceDrums;
				SWIFT_EMIT_LOC_STRINGS = YES;
				SWIFT_VERSION = 5.0;
				TARGETED_DEVICE_FAMILY = "1,2";
			};
			name = Debug;
		};
		E3762C282B62A97E000519DE /* Release */ = {
			isa = XCBuildConfiguration;
			buildSettings = {
				ASSETCATALOG_COMPILER_APPICON_NAME = AppIcon;
				ASSETCATALOG_COMPILER_GLOBAL_ACCENT_COLOR_NAME = AccentColor;
				CODE_SIGN_STYLE = Automatic;
				CURRENT_PROJECT_VERSION = 1;
				DEVELOPMENT_TEAM = 399KRUQQZ6;
				GENERATE_INFOPLIST_FILE = YES;
				INFOPLIST_FILE = spacedrums/Info.plist;
				INFOPLIST_KEY_NSMicrophoneUsageDescription = "для звуков";
				INFOPLIST_KEY_NSSpeechRecognitionUsageDescription = "для звуков";
				INFOPLIST_KEY_UIApplicationSupportsIndirectInputEvents = YES;
				INFOPLIST_KEY_UILaunchStoryboardName = LaunchScreen;
				INFOPLIST_KEY_UISupportedInterfaceOrientations = UIInterfaceOrientationPortrait;
				INFOPLIST_KEY_UISupportedInterfaceOrientations_iPad = "UIInterfaceOrientationLandscapeLeft UIInterfaceOrientationLandscapeRight UIInterfaceOrientationPortrait UIInterfaceOrientationPortraitUpsideDown";
				IPHONEOS_DEPLOYMENT_TARGET = 16.0;
				LD_RUNPATH_SEARCH_PATHS = (
					"$(inherited)",
					"@executable_path/Frameworks",
				);
				MARKETING_VERSION = 1.0;
				PRODUCT_BUNDLE_IDENTIFIER = marina.spacedrums;
				PRODUCT_NAME = SpaceDrums;
				SWIFT_EMIT_LOC_STRINGS = YES;
				SWIFT_VERSION = 5.0;
				TARGETED_DEVICE_FAMILY = "1,2";
			};
			name = Release;
		};
/* End XCBuildConfiguration section */

/* Begin XCConfigurationList section */
		E3762C0D2B62A97C000519DE /* Build configuration list for PBXProject "spacedrums" */ = {
			isa = XCConfigurationList;
			buildConfigurations = (
				E3762C242B62A97E000519DE /* Debug */,
				E3762C252B62A97E000519DE /* Release */,
			);
			defaultConfigurationIsVisible = 0;
			defaultConfigurationName = Release;
		};
		E3762C262B62A97E000519DE /* Build configuration list for PBXNativeTarget "spacedrums" */ = {
			isa = XCConfigurationList;
			buildConfigurations = (
				E3762C272B62A97E000519DE /* Debug */,
				E3762C282B62A97E000519DE /* Release */,
			);
			defaultConfigurationIsVisible = 0;
			defaultConfigurationName = Release;
		};
/* End XCConfigurationList section */

/* Begin XCRemoteSwiftPackageReference section */
		E300D3762BAA442700BF2947 /* XCRemoteSwiftPackageReference "SmoothGradient" */ = {
			isa = XCRemoteSwiftPackageReference;
			repositoryURL = "https://github.com/raymondjavaxx/SmoothGradient.git";
			requirement = {
				kind = upToNextMajorVersion;
				minimumVersion = 1.0.0;
			};
		};
		E313BD122BE558E60096D7E1 /* XCRemoteSwiftPackageReference "firebase-ios-sdk" */ = {
			isa = XCRemoteSwiftPackageReference;
			repositoryURL = "https://github.com/firebase/firebase-ios-sdk.git";
			requirement = {
				kind = upToNextMajorVersion;
				minimumVersion = 10.25.0;
			};
		};
		E3158AA12BF2ABBC0003BD9F /* XCRemoteSwiftPackageReference "Pulse" */ = {
			isa = XCRemoteSwiftPackageReference;
			repositoryURL = "https://github.com/kean/Pulse";
			requirement = {
				kind = upToNextMajorVersion;
				minimumVersion = 4.1.1;
			};
		};
		E3762C2B2B62AD53000519DE /* XCRemoteSwiftPackageReference "AudioKit" */ = {
			isa = XCRemoteSwiftPackageReference;
			repositoryURL = "https://github.com/AudioKit/AudioKit.git";
			requirement = {
				kind = upToNextMajorVersion;
				minimumVersion = 5.6.2;
			};
		};
		E3762C2E2B62AE60000519DE /* XCRemoteSwiftPackageReference "AudioKitEX" */ = {
			isa = XCRemoteSwiftPackageReference;
			repositoryURL = "https://github.com/AudioKit/AudioKitEX.git";
			requirement = {
				kind = upToNextMajorVersion;
				minimumVersion = 5.6.0;
			};
		};
		E3762C312B62AE6F000519DE /* XCRemoteSwiftPackageReference "AudioKitUI" */ = {
			isa = XCRemoteSwiftPackageReference;
			repositoryURL = "https://github.com/AudioKit/AudioKitUI.git";
			requirement = {
				kind = upToNextMajorVersion;
				minimumVersion = 0.3.6;
			};
		};
		E3762C342B62AE81000519DE /* XCRemoteSwiftPackageReference "SoundpipeAudioKit" */ = {
			isa = XCRemoteSwiftPackageReference;
			repositoryURL = "https://github.com/AudioKit/SoundpipeAudioKit.git";
			requirement = {
				kind = upToNextMajorVersion;
				minimumVersion = 5.6.1;
			};
		};
		E3B724422BB86C3C00411ADC /* XCRemoteSwiftPackageReference "lottie-spm" */ = {
			isa = XCRemoteSwiftPackageReference;
			repositoryURL = "https://github.com/airbnb/lottie-spm.git";
			requirement = {
				kind = upToNextMajorVersion;
				minimumVersion = 4.4.1;
			};
		};
		E3D4EECE2BD95782000D4F0C /* XCRemoteSwiftPackageReference "swiftui-sliders" */ = {
			isa = XCRemoteSwiftPackageReference;
			repositoryURL = "https://github.com/spacenation/swiftui-sliders";
			requirement = {
				kind = upToNextMajorVersion;
				minimumVersion = 2.1.0;
			};
		};
/* End XCRemoteSwiftPackageReference section */

/* Begin XCSwiftPackageProductDependency section */
		E300D3772BAA442800BF2947 /* SmoothGradient */ = {
			isa = XCSwiftPackageProductDependency;
			package = E300D3762BAA442700BF2947 /* XCRemoteSwiftPackageReference "SmoothGradient" */;
			productName = SmoothGradient;
		};
		E313BD132BE558E60096D7E1 /* FirebaseAuth */ = {
			isa = XCSwiftPackageProductDependency;
			package = E313BD122BE558E60096D7E1 /* XCRemoteSwiftPackageReference "firebase-ios-sdk" */;
			productName = FirebaseAuth;
		};
		E313BD152BE558E60096D7E1 /* FirebaseFirestore */ = {
			isa = XCSwiftPackageProductDependency;
			package = E313BD122BE558E60096D7E1 /* XCRemoteSwiftPackageReference "firebase-ios-sdk" */;
			productName = FirebaseFirestore;
		};
		E3158AA22BF2ABBC0003BD9F /* Pulse */ = {
			isa = XCSwiftPackageProductDependency;
			package = E3158AA12BF2ABBC0003BD9F /* XCRemoteSwiftPackageReference "Pulse" */;
			productName = Pulse;
		};
		E3158AA42BF2ABBC0003BD9F /* PulseUI */ = {
			isa = XCSwiftPackageProductDependency;
			package = E3158AA12BF2ABBC0003BD9F /* XCRemoteSwiftPackageReference "Pulse" */;
			productName = PulseUI;
		};
		E3762C2C2B62AD53000519DE /* AudioKit */ = {
			isa = XCSwiftPackageProductDependency;
			package = E3762C2B2B62AD53000519DE /* XCRemoteSwiftPackageReference "AudioKit" */;
			productName = AudioKit;
		};
		E3762C2F2B62AE60000519DE /* AudioKitEX */ = {
			isa = XCSwiftPackageProductDependency;
			package = E3762C2E2B62AE60000519DE /* XCRemoteSwiftPackageReference "AudioKitEX" */;
			productName = AudioKitEX;
		};
		E3762C322B62AE6F000519DE /* AudioKitUI */ = {
			isa = XCSwiftPackageProductDependency;
			package = E3762C312B62AE6F000519DE /* XCRemoteSwiftPackageReference "AudioKitUI" */;
			productName = AudioKitUI;
		};
		E3762C352B62AE81000519DE /* SoundpipeAudioKit */ = {
			isa = XCSwiftPackageProductDependency;
			package = E3762C342B62AE81000519DE /* XCRemoteSwiftPackageReference "SoundpipeAudioKit" */;
			productName = SoundpipeAudioKit;
		};
		E3B724432BB86C3C00411ADC /* Lottie */ = {
			isa = XCSwiftPackageProductDependency;
			package = E3B724422BB86C3C00411ADC /* XCRemoteSwiftPackageReference "lottie-spm" */;
			productName = Lottie;
		};
		E3D4EECF2BD95782000D4F0C /* Sliders */ = {
			isa = XCSwiftPackageProductDependency;
			package = E3D4EECE2BD95782000D4F0C /* XCRemoteSwiftPackageReference "swiftui-sliders" */;
			productName = Sliders;
		};
/* End XCSwiftPackageProductDependency section */
	};
	rootObject = E3762C0A2B62A97C000519DE /* Project object */;
}
